{
    "name": "create-super-vite-express-app",
    "version": "1.0.0",
    "lockfileVersion": 3,
    "requires": true,
    "packages": {
        "": {
            "name": "create-super-vite-express-app",
            "version": "1.0.0",
            "license": "MIT",
            "dependencies": {
                "console-palette": "^1.0.1"
            },
            "bin": {
                "create-super-vite-express-app": "index.js"
            }
        },
        "node_modules/console-palette": {
            "version": "1.0.1",
            "resolved": "https://registry.npmjs.org/console-palette/-/console-palette-1.0.1.tgz",
            "integrity": "sha512-7Bxnvr3zJcWB3hSX/R+qHvFjHUYiX8LmJt9mYnKvUCdfW+saoewsceKGFXPD3yfxNixVMKtSWBtwxyW4eoY/eQ=="
        }
    }
}
